
Microsoft Visual Studio Solution File, Format Version 12.00
# Visual Studio Version 17
VisualStudioVersion = 17.6.33829.357
MinimumVisualStudioVersion = 10.0.40219.1
Project("{FAE04EC0-301F-11D3-BF4B-00C04F79EFBC}") = "arabauyg", "arabauyg\arabauyg.csproj", "{070FE225-1C61-4453-B54C-A836C7B2BBFB}"
EndProject
Global
	GlobalSection(SolutionConfigurationPlatforms) = preSolution
		Debug|Any CPU = Debug|Any CPU
		Release|Any CPU = Release|Any CPU
	EndGlobalSection
	GlobalSection(ProjectConfigurationPlatforms) = postSolution
		{070FE225-1C61-4453-B54C-A836C7B2BBFB}.Debug|Any CPU.ActiveCfg = Debug|Any CPU
		{070FE225-1C61-4453-B54C-A836C7B2BBFB}.Debug|Any CPU.Build.0 = Debug|Any CPU
		{070FE225-1C61-4453-B54C-A836C7B2BBFB}.Release|Any CPU.ActiveCfg = Release|Any CPU
		{070FE225-1C61-4453-B54C-A836C7B2BBFB}.Release|Any CPU.Build.0 = Release|Any CPU
	EndGlobalSection
	GlobalSection(SolutionProperties) = preSolution
		HideSolutionNode = FALSE
	EndGlobalSection
	GlobalSection(ExtensibilityGlobals) = postSolution
		SolutionGuid = {0AEC5F31-EEC6-46A0-BBB4-A2A3C3D8CE14}
	EndGlobalSection
EndGlobal
